// !$*UTF8*$!
{
	archiveVersion = 1;
	classes = {
	};
	objectVersion = 56;
	objects = {

/* Begin PBXBuildFile section */
		423439162A54F5CD008970F4 /* ViewModel.swift in Sources */ = {isa = PBXBuildFile; fileRef = 423439152A54F5CD008970F4 /* ViewModel.swift */; };
		423439182A561DDC008970F4 /* TypeOfActivityView.swift in Sources */ = {isa = PBXBuildFile; fileRef = 423439172A561DDC008970F4 /* TypeOfActivityView.swift */; };
		42BCBADB2A53A19600243A84 /* NetworkManager.swift in Sources */ = {isa = PBXBuildFile; fileRef = 42BCBADA2A53A19600243A84 /* NetworkManager.swift */; };
		42BCBADD2A53A65800243A84 /* Activity.swift in Sources */ = {isa = PBXBuildFile; fileRef = 42BCBADC2A53A65800243A84 /* Activity.swift */; };
		42F531662A5220B6002FBFAB /* Not_boringApp.swift in Sources */ = {isa = PBXBuildFile; fileRef = 42F531652A5220B6002FBFAB /* Not_boringApp.swift */; };
		42F531682A5220B6002FBFAB /* GeneralView.swift in Sources */ = {isa = PBXBuildFile; fileRef = 42F531672A5220B6002FBFAB /* GeneralView.swift */; };
		42F5316A2A5220B8002FBFAB /* Assets.xcassets in Resources */ = {isa = PBXBuildFile; fileRef = 42F531692A5220B8002FBFAB /* Assets.xcassets */; };
		42F5316D2A5220B8002FBFAB /* Preview Assets.xcassets in Resources */ = {isa = PBXBuildFile; fileRef = 42F5316C2A5220B8002FBFAB /* Preview Assets.xcassets */; };
		42F531742A5228B8002FBFAB /* ParticipantView.swift in Sources */ = {isa = PBXBuildFile; fileRef = 42F531732A5228B8002FBFAB /* ParticipantView.swift */; };
		42F531762A522B31002FBFAB /* RandomActivity.swift in Sources */ = {isa = PBXBuildFile; fileRef = 42F531752A522B31002FBFAB /* RandomActivity.swift */; };
		42F531782A5232AB002FBFAB /* MainButtonView.swift in Sources */ = {isa = PBXBuildFile; fileRef = 42F531772A5232AB002FBFAB /* MainButtonView.swift */; };
/* End PBXBuildFile section */

/* Begin PBXFileReference section */
		423439152A54F5CD008970F4 /* ViewModel.swift */ = {isa = PBXFileReference; lastKnownFileType = sourcecode.swift; path = ViewModel.swift; sourceTree = "<group>"; };
		423439172A561DDC008970F4 /* TypeOfActivityView.swift */ = {isa = PBXFileReference; lastKnownFileType = sourcecode.swift; path = TypeOfActivityView.swift; sourceTree = "<group>"; };
		42BCBADA2A53A19600243A84 /* NetworkManager.swift */ = {isa = PBXFileReference; lastKnownFileType = sourcecode.swift; path = NetworkManager.swift; sourceTree = "<group>"; };
		42BCBADC2A53A65800243A84 /* Activity.swift */ = {isa = PBXFileReference; lastKnownFileType = sourcecode.swift; path = Activity.swift; sourceTree = "<group>"; };
		42F531622A5220B6002FBFAB /* Not_boring.app */ = {isa = PBXFileReference; explicitFileType = wrapper.application; includeInIndex = 0; path = Not_boring.app; sourceTree = BUILT_PRODUCTS_DIR; };
		42F531652A5220B6002FBFAB /* Not_boringApp.swift */ = {isa = PBXFileReference; lastKnownFileType = sourcecode.swift; path = Not_boringApp.swift; sourceTree = "<group>"; };
		42F531672A5220B6002FBFAB /* GeneralView.swift */ = {isa = PBXFileReference; lastKnownFileType = sourcecode.swift; path = GeneralView.swift; sourceTree = "<group>"; };
		42F531692A5220B8002FBFAB /* Assets.xcassets */ = {isa = PBXFileReference; lastKnownFileType = folder.assetcatalog; path = Assets.xcassets; sourceTree = "<group>"; };
		42F5316C2A5220B8002FBFAB /* Preview Assets.xcassets */ = {isa = PBXFileReference; lastKnownFileType = folder.assetcatalog; path = "Preview Assets.xcassets"; sourceTree = "<group>"; };
		42F531732A5228B8002FBFAB /* ParticipantView.swift */ = {isa = PBXFileReference; lastKnownFileType = sourcecode.swift; path = ParticipantView.swift; sourceTree = "<group>"; };
		42F531752A522B31002FBFAB /* RandomActivity.swift */ = {isa = PBXFileReference; lastKnownFileType = sourcecode.swift; path = RandomActivity.swift; sourceTree = "<group>"; };
		42F531772A5232AB002FBFAB /* MainButtonView.swift */ = {isa = PBXFileReference; lastKnownFileType = sourcecode.swift; path = MainButtonView.swift; sourceTree = "<group>"; };
/* End PBXFileReference section */

/* Begin PBXFrameworksBuildPhase section */
		42F5315F2A5220B6002FBFAB /* Frameworks */ = {
			isa = PBXFrameworksBuildPhase;
			buildActionMask = 2147483647;
			files = (
			);
			runOnlyForDeploymentPostprocessing = 0;
		};
/* End PBXFrameworksBuildPhase section */

/* Begin PBXGroup section */
		42F531592A5220B6002FBFAB = {
			isa = PBXGroup;
			children = (
				42F531642A5220B6002FBFAB /* Not_boring */,
				42F531632A5220B6002FBFAB /* Products */,
			);
			sourceTree = "<group>";
		};
		42F531632A5220B6002FBFAB /* Products */ = {
			isa = PBXGroup;
			children = (
				42F531622A5220B6002FBFAB /* Not_boring.app */,
			);
			name = Products;
			sourceTree = "<group>";
		};
		42F531642A5220B6002FBFAB /* Not_boring */ = {
			isa = PBXGroup;
			children = (
				42F531652A5220B6002FBFAB /* Not_boringApp.swift */,
				42F531672A5220B6002FBFAB /* GeneralView.swift */,
				42F531752A522B31002FBFAB /* RandomActivity.swift */,
				42F531732A5228B8002FBFAB /* ParticipantView.swift */,
				423439172A561DDC008970F4 /* TypeOfActivityView.swift */,
				42F531772A5232AB002FBFAB /* MainButtonView.swift */,
				42BCBADA2A53A19600243A84 /* NetworkManager.swift */,
				42F531692A5220B8002FBFAB /* Assets.xcassets */,
				42F5316B2A5220B8002FBFAB /* Preview Content */,
				42BCBADC2A53A65800243A84 /* Activity.swift */,
				423439152A54F5CD008970F4 /* ViewModel.swift */,
			);
			path = Not_boring;
			sourceTree = "<group>";
		};
		42F5316B2A5220B8002FBFAB /* Preview Content */ = {
			isa = PBXGroup;
			children = (
				42F5316C2A5220B8002FBFAB /* Preview Assets.xcassets */,
			);
			path = "Preview Content";
			sourceTree = "<group>";
		};
/* End PBXGroup section */

/* Begin PBXNativeTarget section */
		42F531612A5220B6002FBFAB /* Not_boring */ = {
			isa = PBXNativeTarget;
			buildConfigurationList = 42F531702A5220B8002FBFAB /* Build configuration list for PBXNativeTarget "Not_boring" */;
			buildPhases = (
				42F5315E2A5220B6002FBFAB /* Sources */,
				42F5315F2A5220B6002FBFAB /* Frameworks */,
				42F531602A5220B6002FBFAB /* Resources */,
			);
			buildRules = (
			);
			dependencies = (
			);
			name = Not_boring;
			productName = Not_boring;
			productReference = 42F531622A5220B6002FBFAB /* Not_boring.app */;
			productType = "com.apple.product-type.application";
		};
/* End PBXNativeTarget section */

/* Begin PBXProject section */
		42F5315A2A5220B6002FBFAB /* Project object */ = {
			isa = PBXProject;
			attributes = {
				BuildIndependentTargetsInParallel = 1;
				LastSwiftUpdateCheck = 1430;
				LastUpgradeCheck = 1430;
				TargetAttributes = {
					42F531612A5220B6002FBFAB = {
						CreatedOnToolsVersion = 14.3.1;
					};
				};
			};
			buildConfigurationList = 42F5315D2A5220B6002FBFAB /* Build configuration list for PBXProject "Not_boring" */;
			compatibilityVersion = "Xcode 14.0";
			developmentRegion = en;
			hasScannedForEncodings = 0;
			knownRegions = (
				en,
				Base,
			);
			mainGroup = 42F531592A5220B6002FBFAB;
			productRefGroup = 42F531632A5220B6002FBFAB /* Products */;
			projectDirPath = "";
			projectRoot = "";
			targets = (
				42F531612A5220B6002FBFAB /* Not_boring */,
			);
		};
/* End PBXProject section */

/* Begin PBXResourcesBuildPhase section */
		42F531602A5220B6002FBFAB /* Resources */ = {
			isa = PBXResourcesBuildPhase;
			buildActionMask = 2147483647;
			files = (
				42F5316D2A5220B8002FBFAB /* Preview Assets.xcassets in Resources */,
				42F5316A2A5220B8002FBFAB /* Assets.xcassets in Resources */,
			);
			runOnlyForDeploymentPostprocessing = 0;
		};
/* End PBXResourcesBuildPhase section */

/* Begin PBXSourcesBuildPhase section */
		42F5315E2A5220B6002FBFAB /* Sources */ = {
			isa = PBXSourcesBuildPhase;
			buildActionMask = 2147483647;
			files = (
				42BCBADB2A53A19600243A84 /* NetworkManager.swift in Sources */,
				42F531742A5228B8002FBFAB /* ParticipantView.swift in Sources */,
				42BCBADD2A53A65800243A84 /* Activity.swift in Sources */,
				42F531762A522B31002FBFAB /* RandomActivity.swift in Sources */,
				423439182A561DDC008970F4 /* TypeOfActivityView.swift in Sources */,
				42F531782A5232AB002FBFAB /* MainButtonView.swift in Sources */,
				42F531682A5220B6002FBFAB /* GeneralView.swift in Sources */,
				423439162A54F5CD008970F4 /* ViewModel.swift in Sources */,
				42F531662A5220B6002FBFAB /* Not_boringApp.swift in Sources */,
			);
			runOnlyForDeploymentPostprocessing = 0;
		};
/* End PBXSourcesBuildPhase section */

/* Begin XCBuildConfiguration section */
		42F5316E2A5220B8002FBFAB /* Debug */ = {
			isa = XCBuildConfiguration;
			buildSettings = {
				ALWAYS_SEARCH_USER_PATHS = NO;
				CLANG_ANALYZER_NONNULL = YES;
				CLANG_ANALYZER_NUMBER_OBJECT_CONVERSION = YES_AGGRESSIVE;
				CLANG_CXX_LANGUAGE_STANDARD = "gnu++20";
				CLANG_ENABLE_MODULES = YES;
				CLANG_ENABLE_OBJC_ARC = YES;
				CLANG_ENABLE_OBJC_WEAK = YES;
				CLANG_WARN_BLOCK_CAPTURE_AUTORELEASING = YES;
				CLANG_WARN_BOOL_CONVERSION = YES;
				CLANG_WARN_COMMA = YES;
				CLANG_WARN_CONSTANT_CONVERSION = YES;
				CLANG_WARN_DEPRECATED_OBJC_IMPLEMENTATIONS = YES;
				CLANG_WARN_DIRECT_OBJC_ISA_USAGE = YES_ERROR;
				CLANG_WARN_DOCUMENTATION_COMMENTS = YES;
				CLANG_WARN_EMPTY_BODY = YES;
				CLANG_WARN_ENUM_CONVERSION = YES;
				CLANG_WARN_INFINITE_RECURSION = YES;
				CLANG_WARN_INT_CONVERSION = YES;
				CLANG_WARN_NON_LITERAL_NULL_CONVERSION = YES;
				CLANG_WARN_OBJC_IMPLICIT_RETAIN_SELF = YES;
				CLANG_WARN_OBJC_LITERAL_CONVERSION = YES;
				CLANG_WARN_OBJC_ROOT_CLASS = YES_ERROR;
				CLANG_WARN_QUOTED_INCLUDE_IN_FRAMEWORK_HEADER = YES;
				CLANG_WARN_RANGE_LOOP_ANALYSIS = YES;
				CLANG_WARN_STRICT_PROTOTYPES = YES;
				CLANG_WARN_SUSPICIOUS_MOVE = YES;
				CLANG_WARN_UNGUARDED_AVAILABILITY = YES_AGGRESSIVE;
				CLANG_WARN_UNREACHABLE_CODE = YES;
				CLANG_WARN__DUPLICATE_METHOD_MATCH = YES;
				COPY_PHASE_STRIP = NO;
				DEBUG_INFORMATION_FORMAT = dwarf;
				ENABLE_STRICT_OBJC_MSGSEND = YES;
				ENABLE_TESTABILITY = YES;
				GCC_C_LANGUAGE_STANDARD = gnu11;
				GCC_DYNAMIC_NO_PIC = NO;
				GCC_NO_COMMON_BLOCKS = YES;
				GCC_OPTIMIZATION_LEVEL = 0;
				GCC_PREPROCESSOR_DEFINITIONS = (
					"DEBUG=1",
					"$(inherited)",
				);
				GCC_WARN_64_TO_32_BIT_CONVERSION = YES;
				GCC_WARN_ABOUT_RETURN_TYPE = YES_ERROR;
				GCC_WARN_UNDECLARED_SELECTOR = YES;
				GCC_WARN_UNINITIALIZED_AUTOS = YES_AGGRESSIVE;
				GCC_WARN_UNUSED_FUNCTION = YES;
				GCC_WARN_UNUSED_VARIABLE = YES;
				IPHONEOS_DEPLOYMENT_TARGET = 16.4;
				MTL_ENABLE_DEBUG_INFO = INCLUDE_SOURCE;
				MTL_FAST_MATH = YES;
				ONLY_ACTIVE_ARCH = YES;
				SDKROOT = iphoneos;
				SWIFT_ACTIVE_COMPILATION_CONDITIONS = DEBUG;
				SWIFT_OPTIMIZATION_LEVEL = "-Onone";
			};
			name = Debug;
		};
		42F5316F2A5220B8002FBFAB /* Release */ = {
			isa = XCBuildConfiguration;
			buildSettings = {
				ALWAYS_SEARCH_USER_PATHS = NO;
				CLANG_ANALYZER_NONNULL = YES;
				CLANG_ANALYZER_NUMBER_OBJECT_CONVERSION = YES_AGGRESSIVE;
				CLANG_CXX_LANGUAGE_STANDARD = "gnu++20";
				CLANG_ENABLE_MODULES = YES;
				CLANG_ENABLE_OBJC_ARC = YES;
				CLANG_ENABLE_OBJC_WEAK = YES;
				CLANG_WARN_BLOCK_CAPTURE_AUTORELEASING = YES;
				CLANG_WARN_BOOL_CONVERSION = YES;
				CLANG_WARN_COMMA = YES;
				CLANG_WARN_CONSTANT_CONVERSION = YES;
				CLANG_WARN_DEPRECATED_OBJC_IMPLEMENTATIONS = YES;
				CLANG_WARN_DIRECT_OBJC_ISA_USAGE = YES_ERROR;
				CLANG_WARN_DOCUMENTATION_COMMENTS = YES;
				CLANG_WARN_EMPTY_BODY = YES;
				CLANG_WARN_ENUM_CONVERSION = YES;
				CLANG_WARN_INFINITE_RECURSION = YES;
				CLANG_WARN_INT_CONVERSION = YES;
				CLANG_WARN_NON_LITERAL_NULL_CONVERSION = YES;
				CLANG_WARN_OBJC_IMPLICIT_RETAIN_SELF = YES;
				CLANG_WARN_OBJC_LITERAL_CONVERSION = YES;
				CLANG_WARN_OBJC_ROOT_CLASS = YES_ERROR;
				CLANG_WARN_QUOTED_INCLUDE_IN_FRAMEWORK_HEADER = YES;
				CLANG_WARN_RANGE_LOOP_ANALYSIS = YES;
				CLANG_WARN_STRICT_PROTOTYPES = YES;
				CLANG_WARN_SUSPICIOUS_MOVE = YES;
				CLANG_WARN_UNGUARDED_AVAILABILITY = YES_AGGRESSIVE;
				CLANG_WARN_UNREACHABLE_CODE = YES;
				CLANG_WARN__DUPLICATE_METHOD_MATCH = YES;
				COPY_PHASE_STRIP = NO;
				DEBUG_INFORMATION_FORMAT = "dwarf-with-dsym";
				ENABLE_NS_ASSERTIONS = NO;
				ENABLE_STRICT_OBJC_MSGSEND = YES;
				GCC_C_LANGUAGE_STANDARD = gnu11;
				GCC_NO_COMMON_BLOCKS = YES;
				GCC_WARN_64_TO_32_BIT_CONVERSION = YES;
				GCC_WARN_ABOUT_RETURN_TYPE = YES_ERROR;
				GCC_WARN_UNDECLARED_SELECTOR = YES;
				GCC_WARN_UNINITIALIZED_AUTOS = YES_AGGRESSIVE;
				GCC_WARN_UNUSED_FUNCTION = YES;
				GCC_WARN_UNUSED_VARIABLE = YES;
				IPHONEOS_DEPLOYMENT_TARGET = 16.4;
				MTL_ENABLE_DEBUG_INFO = NO;
				MTL_FAST_MATH = YES;
				SDKROOT = iphoneos;
				SWIFT_COMPILATION_MODE = wholemodule;
				SWIFT_OPTIMIZATION_LEVEL = "-O";
				VALIDATE_PRODUCT = YES;
			};
			name = Release;
		};
		42F531712A5220B8002FBFAB /* Debug */ = {
			isa = XCBuildConfiguration;
			buildSettings = {
				ASSETCATALOG_COMPILER_APPICON_NAME = AppIcon;
				ASSETCATALOG_COMPILER_GLOBAL_ACCENT_COLOR_NAME = AccentColor;
				CODE_SIGN_STYLE = Automatic;
				CURRENT_PROJECT_VERSION = 1;
				DEVELOPMENT_ASSET_PATHS = "\"Not_boring/Preview Content\"";
				DEVELOPMENT_TEAM = 9DPUXA8KW5;
				ENABLE_PREVIEWS = YES;
				GENERATE_INFOPLIST_FILE = YES;
				INFOPLIST_KEY_UIApplicationSceneManifest_Generation = YES;
				INFOPLIST_KEY_UIApplicationSupportsIndirectInputEvents = YES;
				INFOPLIST_KEY_UILaunchScreen_Generation = YES;
				INFOPLIST_KEY_UISupportedInterfaceOrientations_iPad = "UIInterfaceOrientationPortrait UIInterfaceOrientationPortraitUpsideDown UIInterfaceOrientationLandscapeLeft UIInterfaceOrientationLandscapeRight";
				INFOPLIST_KEY_UISupportedInterfaceOrientations_iPhone = "UIInterfaceOrientationPortrait UIInterfaceOrientationLandscapeLeft UIInterfaceOrientationLandscapeRight";
				LD_RUNPATH_SEARCH_PATHS = (
					"$(inherited)",
					"@executable_path/Frameworks",
				);
				MARKETING_VERSION = 1.0;
				PRODUCT_BUNDLE_IDENTIFIER = "Oksenoyt.Not-boring";
				PRODUCT_NAME = "$(TARGET_NAME)";
				SWIFT_EMIT_LOC_STRINGS = YES;
				SWIFT_VERSION = 5.0;
				TARGETED_DEVICE_FAMILY = "1,2";
			};
			name = Debug;
		};
		42F531722A5220B8002FBFAB /* Release */ = {
			isa = XCBuildConfiguration;
			buildSettings = {
				ASSETCATALOG_COMPILER_APPICON_NAME = AppIcon;
				ASSETCATALOG_COMPILER_GLOBAL_ACCENT_COLOR_NAME = AccentColor;
				CODE_SIGN_STYLE = Automatic;
				CURRENT_PROJECT_VERSION = 1;
				DEVELOPMENT_ASSET_PATHS = "\"Not_boring/Preview Content\"";
				DEVELOPMENT_TEAM = 9DPUXA8KW5;
				ENABLE_PREVIEWS = YES;
				GENERATE_INFOPLIST_FILE = YES;
				INFOPLIST_KEY_UIApplicationSceneManifest_Generation = YES;
				INFOPLIST_KEY_UIApplicationSupportsIndirectInputEvents = YES;
				INFOPLIST_KEY_UILaunchScreen_Generation = YES;
				INFOPLIST_KEY_UISupportedInterfaceOrientations_iPad = "UIInterfaceOrientationPortrait UIInterfaceOrientationPortraitUpsideDown UIInterfaceOrientationLandscapeLeft UIInterfaceOrientationLandscapeRight";
				INFOPLIST_KEY_UISupportedInterfaceOrientations_iPhone = "UIInterfaceOrientationPortrait UIInterfaceOrientationLandscapeLeft UIInterfaceOrientationLandscapeRight";
				LD_RUNPATH_SEARCH_PATHS = (
					"$(inherited)",
					"@executable_path/Frameworks",
				);
				MARKETING_VERSION = 1.0;
				PRODUCT_BUNDLE_IDENTIFIER = "Oksenoyt.Not-boring";
				PRODUCT_NAME = "$(TARGET_NAME)";
				SWIFT_EMIT_LOC_STRINGS = YES;
				SWIFT_VERSION = 5.0;
				TARGETED_DEVICE_FAMILY = "1,2";
			};
			name = Release;
		};
/* End XCBuildConfiguration section */

/* Begin XCConfigurationList section */
		42F5315D2A5220B6002FBFAB /* Build configuration list for PBXProject "Not_boring" */ = {
			isa = XCConfigurationList;
			buildConfigurations = (
				42F5316E2A5220B8002FBFAB /* Debug */,
				42F5316F2A5220B8002FBFAB /* Release */,
			);
			defaultConfigurationIsVisible = 0;
			defaultConfigurationName = Release;
		};
		42F531702A5220B8002FBFAB /* Build configuration list for PBXNativeTarget "Not_boring" */ = {
			isa = XCConfigurationList;
			buildConfigurations = (
				42F531712A5220B8002FBFAB /* Debug */,
				42F531722A5220B8002FBFAB /* Release */,
			);
			defaultConfigurationIsVisible = 0;
			defaultConfigurationName = Release;
		};
/* End XCConfigurationList section */
	};
	rootObject = 42F5315A2A5220B6002FBFAB /* Project object */;
}
